
Microsoft Visual Studio Solution File, Format Version 12.00
# Visual Studio 15
VisualStudioVersion = 15.0.28307.902
MinimumVisualStudioVersion = 10.0.40219.1
Project("{FAE04EC0-301F-11D3-BF4B-00C04F79EFBC}") = "Tarea4Final", "Tarea4Final\Tarea4Final.csproj", "{BA4BCCDB-6E68-44C7-B42E-B7B99F669794}"
EndProject
Global
	GlobalSection(SolutionConfigurationPlatforms) = preSolution
		Debug|Any CPU = Debug|Any CPU
		Release|Any CPU = Release|Any CPU
	EndGlobalSection
	GlobalSection(ProjectConfigurationPlatforms) = postSolution
		{BA4BCCDB-6E68-44C7-B42E-B7B99F669794}.Debug|Any CPU.ActiveCfg = Debug|Any CPU
		{BA4BCCDB-6E68-44C7-B42E-B7B99F669794}.Debug|Any CPU.Build.0 = Debug|Any CPU
		{BA4BCCDB-6E68-44C7-B42E-B7B99F669794}.Release|Any CPU.ActiveCfg = Release|Any CPU
		{BA4BCCDB-6E68-44C7-B42E-B7B99F669794}.Release|Any CPU.Build.0 = Release|Any CPU
	EndGlobalSection
	GlobalSection(SolutionProperties) = preSolution
		HideSolutionNode = FALSE
	EndGlobalSection
	GlobalSection(ExtensibilityGlobals) = postSolution
		SolutionGuid = {D9607C18-3677-4CAF-904C-5D2B2CE9C906}
	EndGlobalSection
EndGlobal
